
Microsoft Visual Studio Solution File, Format Version 12.00
# Visual Studio 15
VisualStudioVersion = 15.0.27130.2027
MinimumVisualStudioVersion = 10.0.40219.1
Project("{8BC9CEB8-8B4A-11D0-8D11-00A0C91BC942}") = "08 - Overloading", "08 - Overloading\08 - Overloading.vcxproj", "{CDE4C0EC-B7FB-40D9-AF0D-29F3A8B33796}"
EndProject
Global
	GlobalSection(SolutionConfigurationPlatforms) = preSolution
		Debug|x64 = Debug|x64
		Debug|x86 = Debug|x86
		Release|x64 = Release|x64
		Release|x86 = Release|x86
	EndGlobalSection
	GlobalSection(ProjectConfigurationPlatforms) = postSolution
		{CDE4C0EC-B7FB-40D9-AF0D-29F3A8B33796}.Debug|x64.ActiveCfg = Debug|x64
		{CDE4C0EC-B7FB-40D9-AF0D-29F3A8B33796}.Debug|x64.Build.0 = Debug|x64
		{CDE4C0EC-B7FB-40D9-AF0D-29F3A8B33796}.Debug|x86.ActiveCfg = Debug|Win32
		{CDE4C0EC-B7FB-40D9-AF0D-29F3A8B33796}.Debug|x86.Build.0 = Debug|Win32
		{CDE4C0EC-B7FB-40D9-AF0D-29F3A8B33796}.Release|x64.ActiveCfg = Release|x64
		{CDE4C0EC-B7FB-40D9-AF0D-29F3A8B33796}.Release|x64.Build.0 = Release|x64
		{CDE4C0EC-B7FB-40D9-AF0D-29F3A8B33796}.Release|x86.ActiveCfg = Release|Win32
		{CDE4C0EC-B7FB-40D9-AF0D-29F3A8B33796}.Release|x86.Build.0 = Release|Win32
	EndGlobalSection
	GlobalSection(SolutionProperties) = preSolution
		HideSolutionNode = FALSE
	EndGlobalSection
	GlobalSection(ExtensibilityGlobals) = postSolution
		SolutionGuid = {BFB0C31B-1E9F-4784-A65D-3CEF4B899FDB}
	EndGlobalSection
EndGlobal
