
Microsoft Visual Studio Solution File, Format Version 12.00
# Visual Studio 15
VisualStudioVersion = 15.0.27130.2027
MinimumVisualStudioVersion = 10.0.40219.1
Project("{8BC9CEB8-8B4A-11D0-8D11-00A0C91BC942}") = "09 - ShapesHierarchy", "09 - ShapesHierarchy\09 - ShapesHierarchy.vcxproj", "{54E987F7-2235-4E5B-A20E-33C57C41E8BB}"
EndProject
Global
	GlobalSection(SolutionConfigurationPlatforms) = preSolution
		Debug|x64 = Debug|x64
		Debug|x86 = Debug|x86
		Release|x64 = Release|x64
		Release|x86 = Release|x86
	EndGlobalSection
	GlobalSection(ProjectConfigurationPlatforms) = postSolution
		{54E987F7-2235-4E5B-A20E-33C57C41E8BB}.Debug|x64.ActiveCfg = Debug|x64
		{54E987F7-2235-4E5B-A20E-33C57C41E8BB}.Debug|x64.Build.0 = Debug|x64
		{54E987F7-2235-4E5B-A20E-33C57C41E8BB}.Debug|x86.ActiveCfg = Debug|Win32
		{54E987F7-2235-4E5B-A20E-33C57C41E8BB}.Debug|x86.Build.0 = Debug|Win32
		{54E987F7-2235-4E5B-A20E-33C57C41E8BB}.Release|x64.ActiveCfg = Release|x64
		{54E987F7-2235-4E5B-A20E-33C57C41E8BB}.Release|x64.Build.0 = Release|x64
		{54E987F7-2235-4E5B-A20E-33C57C41E8BB}.Release|x86.ActiveCfg = Release|Win32
		{54E987F7-2235-4E5B-A20E-33C57C41E8BB}.Release|x86.Build.0 = Release|Win32
	EndGlobalSection
	GlobalSection(SolutionProperties) = preSolution
		HideSolutionNode = FALSE
	EndGlobalSection
	GlobalSection(ExtensibilityGlobals) = postSolution
		SolutionGuid = {5C055D58-8883-4AB5-8189-2284247E549B}
	EndGlobalSection
EndGlobal
